
Microsoft Visual Studio Solution File, Format Version 12.00
# Visual Studio Version 17
VisualStudioVersion = 17.0.31903.59
MinimumVisualStudioVersion = 10.0.40219.1
Project("{FAE04EC0-301F-11D3-BF4B-00C04F79EFBC}") = "Scythe.Core", "Scythe.Core\Scythe.Core.csproj", "{3AFD5AF6-51EE-4ED4-948D-8194EFCC30D3}"
EndProject
Project("{FAE04EC0-301F-11D3-BF4B-00C04F79EFBC}") = "Scythe.Scanners", "Scythe.Scanners\Scythe.Scanners.csproj", "{1993E126-0929-4051-BB65-36769F3A7527}"
EndProject
Project("{FAE04EC0-301F-11D3-BF4B-00C04F79EFBC}") = "Scythe.Remediation", "Scythe.Remediation\Scythe.Remediation.csproj", "{4B55E895-3554-49F4-A8DB-883C80147BFB}"
EndProject
Project("{FAE04EC0-301F-11D3-BF4B-00C04F79EFBC}") = "Scythe.Cli", "Scythe.Cli\Scythe.Cli.csproj", "{696A5FEF-670F-4BDF-AF7B-B08B3F5BA984}"
EndProject
Project("{FAE04EC0-301F-11D3-BF4B-00C04F79EFBC}") = "Scythe.Tests", "Scythe.Tests\Scythe.Tests.csproj", "{C9847588-5138-44A2-A1CD-45064C691342}"
EndProject
Project("{2150E333-8FDC-42A3-9474-1A3956D46DE8}") = "lib", "lib", "{7B0F21D3-8C4D-44F4-9718-F29BB669B174}"
EndProject
Project("{FAE04EC0-301F-11D3-BF4B-00C04F79EFBC}") = "Scythe.Baseline.Tests", "lib\Scythe.Baseline.Tests\Scythe.Baseline.Tests.csproj", "{F6D73C19-37ED-485B-93B1-5056C5AB553B}"
EndProject
Project("{FAE04EC0-301F-11D3-BF4B-00C04F79EFBC}") = "Scythe.Baseline", "lib\Scythe.Baseline\Scythe.Baseline.csproj", "{B3B86C95-E8C2-4EDF-9289-3293B2431609}"
EndProject
Project("{FAE04EC0-301F-11D3-BF4B-00C04F79EFBC}") = "Scythe.Diff.Tests", "lib\Scythe.Diff.Tests\Scythe.Diff.Tests.csproj", "{A1D71EEB-E55A-4291-8BB5-87C5D5AA3530}"
EndProject
Project("{FAE04EC0-301F-11D3-BF4B-00C04F79EFBC}") = "Scythe.Diff", "lib\Scythe.Diff\Scythe.Diff.csproj", "{29B0EC9A-9D58-42FD-94BB-513ADE89EFE7}"
EndProject
Project("{FAE04EC0-301F-11D3-BF4B-00C04F79EFBC}") = "Scythe.Formats.Tests", "lib\Scythe.Formats.Tests\Scythe.Formats.Tests.csproj", "{9ADAF022-6D9E-4B68-A1FD-27E1CC8E66BB}"
EndProject
Project("{FAE04EC0-301F-11D3-BF4B-00C04F79EFBC}") = "Scythe.Formats", "lib\Scythe.Formats\Scythe.Formats.csproj", "{16FBA868-248F-4C2D-8FC3-C1C75F60A25B}"
EndProject
Project("{FAE04EC0-301F-11D3-BF4B-00C04F79EFBC}") = "Scythe.Intel.Tests", "lib\Scythe.Intel.Tests\Scythe.Intel.Tests.csproj", "{4AD6DFEE-2947-49B5-8532-AFD7808031EF}"
EndProject
Project("{FAE04EC0-301F-11D3-BF4B-00C04F79EFBC}") = "Scythe.Intel", "lib\Scythe.Intel\Scythe.Intel.csproj", "{1AEB381A-A36E-43DC-9191-18DDD04A4C42}"
EndProject
Project("{FAE04EC0-301F-11D3-BF4B-00C04F79EFBC}") = "Scythe.Paths.Tests", "lib\Scythe.Paths.Tests\Scythe.Paths.Tests.csproj", "{6A03492F-FBC9-435A-B4E5-C0729F9C0277}"
EndProject
Project("{FAE04EC0-301F-11D3-BF4B-00C04F79EFBC}") = "Scythe.Paths", "lib\Scythe.Paths\Scythe.Paths.csproj", "{D3C695D3-4CC8-429D-A597-22F32D87224B}"
EndProject
Project("{FAE04EC0-301F-11D3-BF4B-00C04F79EFBC}") = "Scythe.Rules.Tests", "lib\Scythe.Rules.Tests\Scythe.Rules.Tests.csproj", "{9C87B57D-911C-41CE-8055-C433FA2971F5}"
EndProject
Project("{FAE04EC0-301F-11D3-BF4B-00C04F79EFBC}") = "Scythe.Rules", "lib\Scythe.Rules\Scythe.Rules.csproj", "{4BC8E44E-0347-4137-A939-D5C18DD2442A}"
EndProject
Global
	GlobalSection(SolutionConfigurationPlatforms) = preSolution
		Debug|Any CPU = Debug|Any CPU
		Release|Any CPU = Release|Any CPU
	EndGlobalSection
	GlobalSection(SolutionProperties) = preSolution
		HideSolutionNode = FALSE
	EndGlobalSection
	GlobalSection(ProjectConfigurationPlatforms) = postSolution
		{3AFD5AF6-51EE-4ED4-948D-8194EFCC30D3}.Debug|Any CPU.ActiveCfg = Debug|Any CPU
		{3AFD5AF6-51EE-4ED4-948D-8194EFCC30D3}.Debug|Any CPU.Build.0 = Debug|Any CPU
		{3AFD5AF6-51EE-4ED4-948D-8194EFCC30D3}.Release|Any CPU.ActiveCfg = Release|Any CPU
		{3AFD5AF6-51EE-4ED4-948D-8194EFCC30D3}.Release|Any CPU.Build.0 = Release|Any CPU
		{1993E126-0929-4051-BB65-36769F3A7527}.Debug|Any CPU.ActiveCfg = Debug|Any CPU
		{1993E126-0929-4051-BB65-36769F3A7527}.Debug|Any CPU.Build.0 = Debug|Any CPU
		{1993E126-0929-4051-BB65-36769F3A7527}.Release|Any CPU.ActiveCfg = Release|Any CPU
		{1993E126-0929-4051-BB65-36769F3A7527}.Release|Any CPU.Build.0 = Release|Any CPU
		{4B55E895-3554-49F4-A8DB-883C80147BFB}.Debug|Any CPU.ActiveCfg = Debug|Any CPU
		{4B55E895-3554-49F4-A8DB-883C80147BFB}.Debug|Any CPU.Build.0 = Debug|Any CPU
		{4B55E895-3554-49F4-A8DB-883C80147BFB}.Release|Any CPU.ActiveCfg = Release|Any CPU
		{4B55E895-3554-49F4-A8DB-883C80147BFB}.Release|Any CPU.Build.0 = Release|Any CPU
		{696A5FEF-670F-4BDF-AF7B-B08B3F5BA984}.Debug|Any CPU.ActiveCfg = Debug|Any CPU
		{696A5FEF-670F-4BDF-AF7B-B08B3F5BA984}.Debug|Any CPU.Build.0 = Debug|Any CPU
		{696A5FEF-670F-4BDF-AF7B-B08B3F5BA984}.Release|Any CPU.ActiveCfg = Release|Any CPU
		{696A5FEF-670F-4BDF-AF7B-B08B3F5BA984}.Release|Any CPU.Build.0 = Release|Any CPU
		{C9847588-5138-44A2-A1CD-45064C691342}.Debug|Any CPU.ActiveCfg = Debug|Any CPU
		{C9847588-5138-44A2-A1CD-45064C691342}.Debug|Any CPU.Build.0 = Debug|Any CPU
		{C9847588-5138-44A2-A1CD-45064C691342}.Release|Any CPU.ActiveCfg = Release|Any CPU
		{C9847588-5138-44A2-A1CD-45064C691342}.Release|Any CPU.Build.0 = Release|Any CPU
		{F6D73C19-37ED-485B-93B1-5056C5AB553B}.Debug|Any CPU.ActiveCfg = Debug|Any CPU
		{F6D73C19-37ED-485B-93B1-5056C5AB553B}.Debug|Any CPU.Build.0 = Debug|Any CPU
		{F6D73C19-37ED-485B-93B1-5056C5AB553B}.Release|Any CPU.ActiveCfg = Release|Any CPU
		{F6D73C19-37ED-485B-93B1-5056C5AB553B}.Release|Any CPU.Build.0 = Release|Any CPU
		{B3B86C95-E8C2-4EDF-9289-3293B2431609}.Debug|Any CPU.ActiveCfg = Debug|Any CPU
		{B3B86C95-E8C2-4EDF-9289-3293B2431609}.Debug|Any CPU.Build.0 = Debug|Any CPU
		{B3B86C95-E8C2-4EDF-9289-3293B2431609}.Release|Any CPU.ActiveCfg = Release|Any CPU
		{B3B86C95-E8C2-4EDF-9289-3293B2431609}.Release|Any CPU.Build.0 = Release|Any CPU
		{A1D71EEB-E55A-4291-8BB5-87C5D5AA3530}.Debug|Any CPU.ActiveCfg = Debug|Any CPU
		{A1D71EEB-E55A-4291-8BB5-87C5D5AA3530}.Debug|Any CPU.Build.0 = Debug|Any CPU
		{A1D71EEB-E55A-4291-8BB5-87C5D5AA3530}.Release|Any CPU.ActiveCfg = Release|Any CPU
		{A1D71EEB-E55A-4291-8BB5-87C5D5AA3530}.Release|Any CPU.Build.0 = Release|Any CPU
		{29B0EC9A-9D58-42FD-94BB-513ADE89EFE7}.Debug|Any CPU.ActiveCfg = Debug|Any CPU
		{29B0EC9A-9D58-42FD-94BB-513ADE89EFE7}.Debug|Any CPU.Build.0 = Debug|Any CPU
		{29B0EC9A-9D58-42FD-94BB-513ADE89EFE7}.Release|Any CPU.ActiveCfg = Release|Any CPU
		{29B0EC9A-9D58-42FD-94BB-513ADE89EFE7}.Release|Any CPU.Build.0 = Release|Any CPU
		{9ADAF022-6D9E-4B68-A1FD-27E1CC8E66BB}.Debug|Any CPU.ActiveCfg = Debug|Any CPU
		{9ADAF022-6D9E-4B68-A1FD-27E1CC8E66BB}.Debug|Any CPU.Build.0 = Debug|Any CPU
		{9ADAF022-6D9E-4B68-A1FD-27E1CC8E66BB}.Release|Any CPU.ActiveCfg = Release|Any CPU
		{9ADAF022-6D9E-4B68-A1FD-27E1CC8E66BB}.Release|Any CPU.Build.0 = Release|Any CPU
		{16FBA868-248F-4C2D-8FC3-C1C75F60A25B}.Debug|Any CPU.ActiveCfg = Debug|Any CPU
		{16FBA868-248F-4C2D-8FC3-C1C75F60A25B}.Debug|Any CPU.Build.0 = Debug|Any CPU
		{16FBA868-248F-4C2D-8FC3-C1C75F60A25B}.Release|Any CPU.ActiveCfg = Release|Any CPU
		{16FBA868-248F-4C2D-8FC3-C1C75F60A25B}.Release|Any CPU.Build.0 = Release|Any CPU
		{4AD6DFEE-2947-49B5-8532-AFD7808031EF}.Debug|Any CPU.ActiveCfg = Debug|Any CPU
		{4AD6DFEE-2947-49B5-8532-AFD7808031EF}.Debug|Any CPU.Build.0 = Debug|Any CPU
		{4AD6DFEE-2947-49B5-8532-AFD7808031EF}.Release|Any CPU.ActiveCfg = Release|Any CPU
		{4AD6DFEE-2947-49B5-8532-AFD7808031EF}.Release|Any CPU.Build.0 = Release|Any CPU
		{1AEB381A-A36E-43DC-9191-18DDD04A4C42}.Debug|Any CPU.ActiveCfg = Debug|Any CPU
		{1AEB381A-A36E-43DC-9191-18DDD04A4C42}.Debug|Any CPU.Build.0 = Debug|Any CPU
		{1AEB381A-A36E-43DC-9191-18DDD04A4C42}.Release|Any CPU.ActiveCfg = Release|Any CPU
		{1AEB381A-A36E-43DC-9191-18DDD04A4C42}.Release|Any CPU.Build.0 = Release|Any CPU
		{6A03492F-FBC9-435A-B4E5-C0729F9C0277}.Debug|Any CPU.ActiveCfg = Debug|Any CPU
		{6A03492F-FBC9-435A-B4E5-C0729F9C0277}.Debug|Any CPU.Build.0 = Debug|Any CPU
		{6A03492F-FBC9-435A-B4E5-C0729F9C0277}.Release|Any CPU.ActiveCfg = Release|Any CPU
		{6A03492F-FBC9-435A-B4E5-C0729F9C0277}.Release|Any CPU.Build.0 = Release|Any CPU
		{D3C695D3-4CC8-429D-A597-22F32D87224B}.Debug|Any CPU.ActiveCfg = Debug|Any CPU
		{D3C695D3-4CC8-429D-A597-22F32D87224B}.Debug|Any CPU.Build.0 = Debug|Any CPU
		{D3C695D3-4CC8-429D-A597-22F32D87224B}.Release|Any CPU.ActiveCfg = Release|Any CPU
		{D3C695D3-4CC8-429D-A597-22F32D87224B}.Release|Any CPU.Build.0 = Release|Any CPU
		{9C87B57D-911C-41CE-8055-C433FA2971F5}.Debug|Any CPU.ActiveCfg = Debug|Any CPU
		{9C87B57D-911C-41CE-8055-C433FA2971F5}.Debug|Any CPU.Build.0 = Debug|Any CPU
		{9C87B57D-911C-41CE-8055-C433FA2971F5}.Release|Any CPU.ActiveCfg = Release|Any CPU
		{9C87B57D-911C-41CE-8055-C433FA2971F5}.Release|Any CPU.Build.0 = Release|Any CPU
		{4BC8E44E-0347-4137-A939-D5C18DD2442A}.Debug|Any CPU.ActiveCfg = Debug|Any CPU
		{4BC8E44E-0347-4137-A939-D5C18DD2442A}.Debug|Any CPU.Build.0 = Debug|Any CPU
		{4BC8E44E-0347-4137-A939-D5C18DD2442A}.Release|Any CPU.ActiveCfg = Release|Any CPU
		{4BC8E44E-0347-4137-A939-D5C18DD2442A}.Release|Any CPU.Build.0 = Release|Any CPU
	EndGlobalSection
	GlobalSection(NestedProjects) = preSolution
		{F6D73C19-37ED-485B-93B1-5056C5AB553B} = {7B0F21D3-8C4D-44F4-9718-F29BB669B174}
		{B3B86C95-E8C2-4EDF-9289-3293B2431609} = {7B0F21D3-8C4D-44F4-9718-F29BB669B174}
		{A1D71EEB-E55A-4291-8BB5-87C5D5AA3530} = {7B0F21D3-8C4D-44F4-9718-F29BB669B174}
		{29B0EC9A-9D58-42FD-94BB-513ADE89EFE7} = {7B0F21D3-8C4D-44F4-9718-F29BB669B174}
		{9ADAF022-6D9E-4B68-A1FD-27E1CC8E66BB} = {7B0F21D3-8C4D-44F4-9718-F29BB669B174}
		{16FBA868-248F-4C2D-8FC3-C1C75F60A25B} = {7B0F21D3-8C4D-44F4-9718-F29BB669B174}
		{4AD6DFEE-2947-49B5-8532-AFD7808031EF} = {7B0F21D3-8C4D-44F4-9718-F29BB669B174}
		{1AEB381A-A36E-43DC-9191-18DDD04A4C42} = {7B0F21D3-8C4D-44F4-9718-F29BB669B174}
		{6A03492F-FBC9-435A-B4E5-C0729F9C0277} = {7B0F21D3-8C4D-44F4-9718-F29BB669B174}
		{D3C695D3-4CC8-429D-A597-22F32D87224B} = {7B0F21D3-8C4D-44F4-9718-F29BB669B174}
		{9C87B57D-911C-41CE-8055-C433FA2971F5} = {7B0F21D3-8C4D-44F4-9718-F29BB669B174}
		{4BC8E44E-0347-4137-A939-D5C18DD2442A} = {7B0F21D3-8C4D-44F4-9718-F29BB669B174}
	EndGlobalSection
EndGlobal
